
Microsoft Visual Studio Solution File, Format Version 12.00
# Visual Studio Version 17
VisualStudioVersion = 17.10.35122.118
MinimumVisualStudioVersion = 10.0.40219.1
Project("{FAE04EC0-301F-11D3-BF4B-00C04F79EFBC}") = "Primeiro", "Primeiro.csproj", "{94595DA4-2213-422F-B1E7-2796EC140BC2}"
EndProject
Global
	GlobalSection(SolutionConfigurationPlatforms) = preSolution
		Debug|Any CPU = Debug|Any CPU
		Release|Any CPU = Release|Any CPU
	EndGlobalSection
	GlobalSection(ProjectConfigurationPlatforms) = postSolution
		{94595DA4-2213-422F-B1E7-2796EC140BC2}.Debug|Any CPU.ActiveCfg = Debug|Any CPU
		{94595DA4-2213-422F-B1E7-2796EC140BC2}.Debug|Any CPU.Build.0 = Debug|Any CPU
		{94595DA4-2213-422F-B1E7-2796EC140BC2}.Release|Any CPU.ActiveCfg = Release|Any CPU
		{94595DA4-2213-422F-B1E7-2796EC140BC2}.Release|Any CPU.Build.0 = Release|Any CPU
	EndGlobalSection
	GlobalSection(SolutionProperties) = preSolution
		HideSolutionNode = FALSE
	EndGlobalSection
	GlobalSection(ExtensibilityGlobals) = postSolution
		SolutionGuid = {B6747F68-CBE8-4E6A-B873-C3EEF88316BB}
	EndGlobalSection
EndGlobal
